{
  "name": "pearbrowser-desktop-appling",
  "lockfileVersion": 3,
  "requires": true,
  "packages": {
    "": {
      "name": "pearbrowser-desktop-appling",
      "license": "Apache-2.0",
      "devDependencies": {
        "bare-headers": "1.28.7",
        "bare-make": "1.8.0",
        "cmake-pear": "^3.0.2"
      }
    },
    "node_modules/b4a": {
      "version": "1.8.1",
      "resolved": "https://registry.npmjs.org/b4a/-/b4a-1.8.1.tgz",
      "integrity": "sha512-aiqre1Nr0B/6DgE2N5vwTc+2/oQZ4Wh1t4NznYY4E00y8LCt6NqdRv81so00oo27D8MVKTpUa/MwUUtBLXCoDw==",
      "dev": true,
      "license": "Apache-2.0",
      "peerDependencies": {
        "react-native-b4a": "*"
      },
      "peerDependenciesMeta": {
        "react-native-b4a": {
          "optional": true
        }
      }
    },
    "node_modules/bare-abort": {
      "version": "2.0.13",
      "resolved": "https://registry.npmjs.org/bare-abort/-/bare-abort-2.0.13.tgz",
      "integrity": "sha512-zdc8l88eB11Jsz5rDd6sCAgv2kUFXgdrZWoMlgU6JMkfAi1/uuGFC3IEHswKbIRQTk5H3T5CMuechsXYxiaHlQ==",
      "dev": true,
      "license": "Apache-2.0"
    },
    "node_modules/bare-env": {
      "version": "3.0.0",
      "resolved": "https://registry.npmjs.org/bare-env/-/bare-env-3.0.0.tgz",
      "integrity": "sha512-0u964P5ZLAxTi+lW4Kjp7YRJQ5gZr9ycYOtjLxsSrupgMz3sn5Z9n4SH/JIifHwvadsf1brA2JAjP+9IOWwTiw==",
      "dev": true,
      "license": "Apache-2.0",
      "dependencies": {
        "bare-os": "^3.0.1"
      }
    },
    "node_modules/bare-events": {
      "version": "2.9.1",
      "resolved": "https://registry.npmjs.org/bare-events/-/bare-events-2.9.1.tgz",
      "integrity": "sha512-Z0oHEHAFDZkffN8Qc39zNZjQlMDkPJRyyyZieU1VH7u8c5S+qHZ2S8ixdKIAxEjfHO7FJxXmJWgteOghVanIsg==",
      "dev": true,
      "license": "Apache-2.0",
      "peerDependencies": {
        "bare-abort-controller": "*"
      },
      "peerDependenciesMeta": {
        "bare-abort-controller": {
          "optional": true
        }
      }
    },
    "node_modules/bare-fs": {
      "version": "4.7.2",
      "resolved": "https://registry.npmjs.org/bare-fs/-/bare-fs-4.7.2.tgz",
      "integrity": "sha512-aTvMFUWkBmjzKtEQMDGGDNF8bkfpD5N1b/FCwt7A3wrU4t1o/e/85Wzkluh6JlODCjqVESYCkQCdTXqZ9G7VFg==",
      "dev": true,
      "license": "Apache-2.0",
      "dependencies": {
        "bare-events": "^2.5.4",
        "bare-path": "^3.0.0",
        "bare-stream": "^2.6.4",
        "bare-url": "^2.2.2",
        "fast-fifo": "^1.3.2"
      },
      "engines": {
        "bare": ">=1.16.0"
      },
      "peerDependencies": {
        "bare-buffer": "*"
      },
      "peerDependenciesMeta": {
        "bare-buffer": {
          "optional": true
        }
      }
    },
    "node_modules/bare-headers": {
      "version": "1.28.7",
      "resolved": "https://registry.npmjs.org/bare-headers/-/bare-headers-1.28.7.tgz",
      "integrity": "sha512-sefmbHEN93+Z2xo8WMuXtgxDGnqqUFVp9+EC0getqhqZD+4BLKa+rBOh7uRDKzkWK/19psjJkJmWxSVOlRetHg==",
      "dev": true,
      "license": "Apache-2.0",
      "dependencies": {
        "require-asset": "^1.2.2"
      }
    },
    "node_modules/bare-hrtime": {
      "version": "2.1.1",
      "resolved": "https://registry.npmjs.org/bare-hrtime/-/bare-hrtime-2.1.1.tgz",
      "integrity": "sha512-VMb3tHo05gsnbu3OXTmkDiwTjMlOsbQmKoysKqKEyR09m77TuDrYFbj3Q5GGk10dAKsUHrnXmwCaeJqzVpB5ZA==",
      "dev": true,
      "license": "Apache-2.0"
    },
    "node_modules/bare-make": {
      "version": "1.8.0",
      "resolved": "https://registry.npmjs.org/bare-make/-/bare-make-1.8.0.tgz",
      "integrity": "sha512-IUBNn2B2YIebhXE6Slw9bSmOYItS2cJBy1cVNqWs1yrzuxXbCbPS43NoV/gUEVOy+2KYfPIAmsuv4f+GZ5MR/A==",
      "dev": true,
      "license": "Apache-2.0",
      "dependencies": {
        "bare-env": "^3.0.0",
        "bare-fs": "^4.4.4",
        "bare-os": "^3.2.0",
        "bare-path": "^3.0.0",
        "bare-process": "^4.0.0",
        "cmake-runtime": "^4.1.1",
        "cmake-toolchains": "^1.0.1",
        "ninja-runtime": "^1.13.1",
        "paparam": "^1.5.0"
      },
      "bin": {
        "bare-make": "bin.js"
      },
      "peerDependencies": {
        "bare-pipe": "*"
      },
      "peerDependenciesMeta": {
        "bare-pipe": {
          "optional": true
        }
      }
    },
    "node_modules/bare-module-resolve": {
      "version": "1.12.2",
      "resolved": "https://registry.npmjs.org/bare-module-resolve/-/bare-module-resolve-1.12.2.tgz",
      "integrity": "sha512-j+hiD5k99qec4KjJvYsI67q5AOBifmy9JG3oeMVxTmvrhn2sIdp8StrUvZu4YNgwTpO+NhniQG16N1ETDe1k5w==",
      "dev": true,
      "license": "Apache-2.0",
      "dependencies": {
        "bare-semver": "^1.0.0"
      },
      "peerDependencies": {
        "bare-url": "*"
      },
      "peerDependenciesMeta": {
        "bare-url": {
          "optional": true
        }
      }
    },
    "node_modules/bare-os": {
      "version": "3.9.2",
      "resolved": "https://registry.npmjs.org/bare-os/-/bare-os-3.9.2.tgz",
      "integrity": "sha512-h530JsrkYi8518ZfR57GHaLoI5YzXkGGEV0Y+mf4KYPBn4OnNajiznwkDq7FgE+Vnmyss9Utnzi44y7sowiAXA==",
      "dev": true,
      "license": "Apache-2.0",
      "engines": {
        "bare": ">=1.14.0"
      }
    },
    "node_modules/bare-path": {
      "version": "3.0.1",
      "resolved": "https://registry.npmjs.org/bare-path/-/bare-path-3.0.1.tgz",
      "integrity": "sha512-ghj2DSK/2e99a1anTVPCV4m4YIYtrbXhfM7V3D7XZLOTsybnYyaJloymGqssQc8l/or0UoDyRtNQkmkEF/ysgQ==",
      "dev": true,
      "license": "Apache-2.0",
      "dependencies": {
        "bare-os": "^3.0.1"
      }
    },
    "node_modules/bare-pipe": {
      "version": "4.2.2",
      "resolved": "https://registry.npmjs.org/bare-pipe/-/bare-pipe-4.2.2.tgz",
      "integrity": "sha512-Wkf6//CmKS8inHrkgi3X/xNMeaGfs2I0ayLM0B8cbPB4DxYHcoes6Ng+muCBfXNIJ9qmEjwDDJjAUz7nRxxjgQ==",
      "dev": true,
      "license": "Apache-2.0",
      "dependencies": {
        "bare-events": "^2.0.0",
        "bare-stream": "^2.0.0"
      },
      "engines": {
        "bare": ">=1.16.0"
      }
    },
    "node_modules/bare-posix": {
      "version": "1.0.1",
      "resolved": "https://registry.npmjs.org/bare-posix/-/bare-posix-1.0.1.tgz",
      "integrity": "sha512-b4quA8dyRVvX0aFIAIiev5zFATHwIUGr42Gmt+CqiBNg/bdsNkrj4bbkeotMOMiljJS4DCME5kywJO/TFwKo1A==",
      "dev": true,
      "license": "Apache-2.0"
    },
    "node_modules/bare-process": {
      "version": "4.5.0",
      "resolved": "https://registry.npmjs.org/bare-process/-/bare-process-4.5.0.tgz",
      "integrity": "sha512-NTtYDiwleJjWWNg4+yzS6B/RovL/LLPHVvoOM+18W+dYAXCmky0zFfN66hqqBbrlGAlb52/QgKrdzPR3x1QyHA==",
      "dev": true,
      "license": "Apache-2.0",
      "dependencies": {
        "bare-abort": "^2.0.13",
        "bare-env": "^3.0.0",
        "bare-events": "^2.3.1",
        "bare-hrtime": "^2.0.0",
        "bare-os": "^3.7.1",
        "bare-posix": "^1.0.1",
        "bare-signals": "^4.0.0",
        "bare-stdio": "^1.0.1"
      }
    },
    "node_modules/bare-semver": {
      "version": "1.1.0",
      "resolved": "https://registry.npmjs.org/bare-semver/-/bare-semver-1.1.0.tgz",
      "integrity": "sha512-1Hw5qJ7hXdVt3uPUqjeFTuxyvBUJauvz5A1I2jk8gzjZMHp04n//6nV9MDbG9CMw78JHY2lGV0w6s//LrASm2w==",
      "dev": true,
      "license": "Apache-2.0"
    },
    "node_modules/bare-signals": {
      "version": "4.2.0",
      "resolved": "https://registry.npmjs.org/bare-signals/-/bare-signals-4.2.0.tgz",
      "integrity": "sha512-fNHMOdQIlYuTvMB3Oh9Apk99hLKn351+Ir8vz+khiPTcOqIyGG4uWWjdLTzxWdYGsA0eT+We3y0K74hjj2nq7A==",
      "dev": true,
      "license": "Apache-2.0",
      "dependencies": {
        "bare-events": "^2.5.3",
        "bare-os": "^3.3.1"
      },
      "engines": {
        "bare": ">=1.7.0"
      }
    },
    "node_modules/bare-stdio": {
      "version": "1.0.2",
      "resolved": "https://registry.npmjs.org/bare-stdio/-/bare-stdio-1.0.2.tgz",
      "integrity": "sha512-3WJDqtvVGP4f+j68kyEC05umOYNwKJ1xG+YAXL8yZ605WgNqiRhVaFq+mVIhBt2eKNp7pa5vCQdhOt1pNh79SA==",
      "dev": true,
      "license": "Apache-2.0",
      "dependencies": {
        "bare-fs": "^4.5.2",
        "bare-pipe": "^4.1.5",
        "bare-tty": "^5.0.3"
      }
    },
    "node_modules/bare-stream": {
      "version": "2.13.3",
      "resolved": "https://registry.npmjs.org/bare-stream/-/bare-stream-2.13.3.tgz",
      "integrity": "sha512-Kc+brLqvEqGkjyfiwJmImAOqLZL7OsoLKuavx+hJjgVV3nLTOjloJyPMFxjUPerGGHrNH0fLU06jjykMLWrERQ==",
      "dev": true,
      "license": "Apache-2.0",
      "dependencies": {
        "b4a": "^1.8.1",
        "streamx": "^2.25.0",
        "teex": "^1.0.1"
      },
      "peerDependencies": {
        "bare-abort-controller": "*",
        "bare-buffer": "*",
        "bare-events": "*"
      },
      "peerDependenciesMeta": {
        "bare-abort-controller": {
          "optional": true
        },
        "bare-buffer": {
          "optional": true
        },
        "bare-events": {
          "optional": true
        }
      }
    },
    "node_modules/bare-subprocess": {
      "version": "5.2.3",
      "resolved": "https://registry.npmjs.org/bare-subprocess/-/bare-subprocess-5.2.3.tgz",
      "integrity": "sha512-07wwswlV7M3sC9IykbZRZ/jHAkrXFWVLqdBWGv1y0ojCimtRD9hGwxdHmR5FUFmDUZLNsBmTYJNQqgio5+A85Q==",
      "dev": true,
      "license": "Apache-2.0",
      "dependencies": {
        "bare-env": "^3.0.0",
        "bare-events": "^2.5.4",
        "bare-os": "^3.0.1",
        "bare-pipe": "^4.0.0",
        "bare-url": "^2.2.2"
      },
      "engines": {
        "bare": ">=1.7.0"
      },
      "peerDependencies": {
        "bare-buffer": "*"
      },
      "peerDependenciesMeta": {
        "bare-buffer": {
          "optional": true
        }
      }
    },
    "node_modules/bare-tty": {
      "version": "5.1.1",
      "resolved": "https://registry.npmjs.org/bare-tty/-/bare-tty-5.1.1.tgz",
      "integrity": "sha512-cXCMAlcLCFTCWwCtXBIhDuXa4hutTEbrHHIK5pvSSb4BLaSGJ9tvxVN3mvGOvXXqONS7l04mTiP+eIUlZKI92g==",
      "dev": true,
      "license": "Apache-2.0",
      "dependencies": {
        "bare-events": "^2.2.0",
        "bare-signals": "^4.0.0",
        "bare-stream": "^2.0.0"
      },
      "engines": {
        "bare": ">=1.16.0"
      }
    },
    "node_modules/bare-url": {
      "version": "2.4.5",
      "resolved": "https://registry.npmjs.org/bare-url/-/bare-url-2.4.5.tgz",
      "integrity": "sha512-K+y9xF1tN+CdPu4qWwr0QiK1Al07eFPGYK5M2pDXcmHdMdgC/tT/bpmMe1hrmRHaidKLkXrC+cRNYf3XVDUhSQ==",
      "dev": true,
      "license": "Apache-2.0",
      "dependencies": {
        "bare-path": "^3.0.0"
      }
    },
    "node_modules/cmake-app-image": {
      "version": "1.0.3",
      "resolved": "https://registry.npmjs.org/cmake-app-image/-/cmake-app-image-1.0.3.tgz",
      "integrity": "sha512-KcIY3oWcWRIQVW8jKh1GLx5KJUWgCeNseAxozT5NXuf1P+H0AP7W9mS71JA8fco3zyNuWuPvH/OpIbMo0lU12A==",
      "dev": true,
      "license": "Apache-2.0"
    },
    "node_modules/cmake-bare": {
      "version": "1.8.0",
      "resolved": "https://registry.npmjs.org/cmake-bare/-/cmake-bare-1.8.0.tgz",
      "integrity": "sha512-dUE5i9Drhp8ZVnQ57RiHXqVpZ5iBondpIsgAmQ/VBmgkCy1g5F+mFX8e/FM7kwSKgKxtra+pREzhDGundZKxvw==",
      "dev": true,
      "license": "Apache-2.0",
      "dependencies": {
        "cmake-npm": "^1.1.0"
      }
    },
    "node_modules/cmake-fetch": {
      "version": "1.5.2",
      "resolved": "https://registry.npmjs.org/cmake-fetch/-/cmake-fetch-1.5.2.tgz",
      "integrity": "sha512-TKgXV/vi43gsDQjWYu80CiPByoTKGZZa0NeD90p6blWStr/Fotffl6J9tuChL5N0AlFCmYMNmver3vt5yJd9/g==",
      "dev": true,
      "license": "Apache-2.0"
    },
    "node_modules/cmake-macos": {
      "version": "1.0.0",
      "resolved": "https://registry.npmjs.org/cmake-macos/-/cmake-macos-1.0.0.tgz",
      "integrity": "sha512-WOzzUHzflynXF8c7m5CESz49vVtej+5l7kSdupg9hXXmT2AxgD2YBqWCbvcanxHeV8EIZTTWSO1VE40UFx4V/A==",
      "dev": true,
      "license": "Apache-2.0"
    },
    "node_modules/cmake-msix": {
      "version": "1.0.3",
      "resolved": "https://registry.npmjs.org/cmake-msix/-/cmake-msix-1.0.3.tgz",
      "integrity": "sha512-OoUbHjkJbC8ojjNhx3bRSUCI7asS2rUKPygo6M6FxWLWLyQLBU66QHrsi5JdgcxA7JR5vK90MA01qdSW/S3aTQ==",
      "dev": true,
      "license": "Apache-2.0",
      "dependencies": {
        "cmake-windows": "^1.0.0"
      }
    },
    "node_modules/cmake-npm": {
      "version": "1.1.2",
      "resolved": "https://registry.npmjs.org/cmake-npm/-/cmake-npm-1.1.2.tgz",
      "integrity": "sha512-CfN53Ov9usNBeaIsr8TtEQwwXeRZkJWZSoGe0qybr9bojxGlwTdxHk8LQwJFNypsSgFoYyOWUMjKGuahsiGifA==",
      "dev": true,
      "license": "Apache-2.0"
    },
    "node_modules/cmake-pear": {
      "version": "3.0.5",
      "resolved": "https://registry.npmjs.org/cmake-pear/-/cmake-pear-3.0.5.tgz",
      "integrity": "sha512-+AX7i1bDoohBdQKMvwFC/IUQamEaO6Ch0YfSi2EfNYgqfhLvI4mjou8Dy9urZRcobp20ptZsBZfjNU9qNPRa/A==",
      "dev": true,
      "license": "Apache-2.0",
      "dependencies": {
        "cmake-app-image": "^1.0.0",
        "cmake-bare": "^1.1.17",
        "cmake-fetch": "^1.4.1",
        "cmake-macos": "^1.0.0",
        "cmake-msix": "^1.0.1",
        "cmake-windows": "^1.0.0"
      }
    },
    "node_modules/cmake-runtime": {
      "version": "4.3.1",
      "resolved": "https://registry.npmjs.org/cmake-runtime/-/cmake-runtime-4.3.1.tgz",
      "integrity": "sha512-EH5OO3OmCa676Y1OdLT6Q+Kg+SWYfkZQMjG1PFsdFbgn0Vxhs5UZGpXTgF9HnDMDgv9DEiUAzYEAB12z3768Pw==",
      "dev": true,
      "license": "Apache-2.0",
      "workspaces": [
        "npm/*"
      ],
      "dependencies": {
        "bare-fs": "^4.4.4",
        "bare-os": "^3.0.1",
        "bare-path": "^3.0.0",
        "bare-subprocess": "^5.0.0"
      },
      "bin": {
        "ccmake": "bin/ccmake",
        "cmake": "bin/cmake",
        "cmcldeps": "bin/cmcldeps",
        "cpack": "bin/cpack",
        "ctest": "bin/ctest"
      },
      "optionalDependencies": {
        "cmake-runtime-darwin-arm64": "4.3.1",
        "cmake-runtime-darwin-x64": "4.3.1",
        "cmake-runtime-linux-arm64": "4.3.1",
        "cmake-runtime-linux-x64": "4.3.1",
        "cmake-runtime-win32-arm64": "4.3.1",
        "cmake-runtime-win32-x64": "4.3.1"
      }
    },
    "node_modules/cmake-runtime-darwin-arm64": {
      "version": "4.3.1",
      "resolved": "https://registry.npmjs.org/cmake-runtime-darwin-arm64/-/cmake-runtime-darwin-arm64-4.3.1.tgz",
      "integrity": "sha512-pBdTo2f7DL4GLFLmhotvKNVi+9ULy1d6CBM9Q1IxP/lbYzkF+ny1JnVGGzNX7SN65frkpUMLm2doSNYdCOqCng==",
      "cpu": [
        "arm64"
      ],
      "dev": true,
      "license": "Apache-2.0",
      "optional": true,
      "os": [
        "darwin"
      ],
      "dependencies": {
        "require-asset": "^1.0.2"
      },
      "bin": {
        "ccmake": "bin/ccmake",
        "cmake": "bin/cmake",
        "cpack": "bin/cpack",
        "ctest": "bin/ctest"
      }
    },
    "node_modules/cmake-runtime-darwin-x64": {
      "version": "4.3.1",
      "resolved": "https://registry.npmjs.org/cmake-runtime-darwin-x64/-/cmake-runtime-darwin-x64-4.3.1.tgz",
      "integrity": "sha512-d31IY4SJlT2WZ4M+V744x8QqK34eRnk5xXEKSljZgtJLu/SHotiRevtN6zwGo63LgJH2+B1NNAgQDmbklbGOdw==",
      "cpu": [
        "x64"
      ],
      "dev": true,
      "license": "Apache-2.0",
      "optional": true,
      "os": [
        "darwin"
      ],
      "dependencies": {
        "require-asset": "^1.0.2"
      },
      "bin": {
        "ccmake": "bin/ccmake",
        "cmake": "bin/cmake",
        "cpack": "bin/cpack",
        "ctest": "bin/ctest"
      }
    },
    "node_modules/cmake-runtime-linux-arm64": {
      "version": "4.3.1",
      "resolved": "https://registry.npmjs.org/cmake-runtime-linux-arm64/-/cmake-runtime-linux-arm64-4.3.1.tgz",
      "integrity": "sha512-Z9foV9sHZX/2VrEPPKGcZVmLeG4afL8hCMhPdsMBU0fJ4lZ7BXQI+uJl4MX97g5VC6yXsnvdl9z7+AWAb8wFhw==",
      "cpu": [
        "arm64"
      ],
      "dev": true,
      "license": "Apache-2.0",
      "optional": true,
      "os": [
        "linux"
      ],
      "dependencies": {
        "require-asset": "^1.0.2"
      },
      "bin": {
        "ccmake": "bin/ccmake",
        "cmake": "bin/cmake",
        "cpack": "bin/cpack",
        "ctest": "bin/ctest"
      }
    },
    "node_modules/cmake-runtime-linux-x64": {
      "version": "4.3.1",
      "resolved": "https://registry.npmjs.org/cmake-runtime-linux-x64/-/cmake-runtime-linux-x64-4.3.1.tgz",
      "integrity": "sha512-Gh00tH0h4fXNHJmorfG43pKbHaCoTAdq3JmStJ5QZAKoJG2Sx1KxQs7vKwun13fqTdbRyed7NLJ7WsfQAlQYZQ==",
      "cpu": [
        "x64"
      ],
      "dev": true,
      "license": "Apache-2.0",
      "optional": true,
      "os": [
        "linux"
      ],
      "dependencies": {
        "require-asset": "^1.0.2"
      },
      "bin": {
        "ccmake": "bin/ccmake",
        "cmake": "bin/cmake",
        "cpack": "bin/cpack",
        "ctest": "bin/ctest"
      }
    },
    "node_modules/cmake-runtime-win32-arm64": {
      "version": "4.3.1",
      "resolved": "https://registry.npmjs.org/cmake-runtime-win32-arm64/-/cmake-runtime-win32-arm64-4.3.1.tgz",
      "integrity": "sha512-2QT63uJzbtoNgwjvz2UY5M3VWBf+Mu4Jm9XltF3gec3IgH6dXhrYVs4FvIhcAtrSKqI5Ilh+LA6HGl3hlJEo/w==",
      "cpu": [
        "arm64"
      ],
      "dev": true,
      "license": "Apache-2.0",
      "optional": true,
      "os": [
        "win32"
      ],
      "dependencies": {
        "require-asset": "^1.0.2"
      },
      "bin": {
        "cmake": "bin/cmake.exe",
        "cmcldeps": "bin/cmcldeps.exe",
        "cpack": "bin/cpack.exe",
        "ctest": "bin/ctest.exe"
      }
    },
    "node_modules/cmake-runtime-win32-x64": {
      "version": "4.3.1",
      "resolved": "https://registry.npmjs.org/cmake-runtime-win32-x64/-/cmake-runtime-win32-x64-4.3.1.tgz",
      "integrity": "sha512-EP0ng/GKbcHrKw5hpdOMsKucC2OKyd0SP/jHKkCfeJIOe+nze+tFeHudKgWVwpOAehXxiLGmjzs6sBOJEJd0Gw==",
      "cpu": [
        "x64"
      ],
      "dev": true,
      "license": "Apache-2.0",
      "optional": true,
      "os": [
        "win32"
      ],
      "dependencies": {
        "require-asset": "^1.0.2"
      },
      "bin": {
        "cmake": "bin/cmake.exe",
        "cmcldeps": "bin/cmcldeps.exe",
        "cpack": "bin/cpack.exe",
        "ctest": "bin/ctest.exe"
      }
    },
    "node_modules/cmake-toolchains": {
      "version": "1.13.0",
      "resolved": "https://registry.npmjs.org/cmake-toolchains/-/cmake-toolchains-1.13.0.tgz",
      "integrity": "sha512-3DvfizKQuz2O00sDfeG5CRFIgLyl5oIW6kgL3c4E0/sISS8wy7GPOskAS+ZtS8WZFYOyHID6r9hc0MD0/eEXbQ==",
      "dev": true,
      "license": "Apache-2.0",
      "dependencies": {
        "require-asset": "^1.0.2"
      }
    },
    "node_modules/cmake-windows": {
      "version": "1.0.1",
      "resolved": "https://registry.npmjs.org/cmake-windows/-/cmake-windows-1.0.1.tgz",
      "integrity": "sha512-H1r2qUaP93XWNrd26g5/gnp5S/O/nZlgHkhFdsNxFKZLvcRkZyCgV7sPNQmpQPDSjo51Mi4z5poN/zMiMPKuZQ==",
      "dev": true,
      "license": "Apache-2.0"
    },
    "node_modules/events-universal": {
      "version": "1.0.1",
      "resolved": "https://registry.npmjs.org/events-universal/-/events-universal-1.0.1.tgz",
      "integrity": "sha512-LUd5euvbMLpwOF8m6ivPCbhQeSiYVNb8Vs0fQ8QjXo0JTkEHpz8pxdQf0gStltaPpw0Cca8b39KxvK9cfKRiAw==",
      "dev": true,
      "license": "Apache-2.0",
      "dependencies": {
        "bare-events": "^2.7.0"
      }
    },
    "node_modules/fast-fifo": {
      "version": "1.3.2",
      "resolved": "https://registry.npmjs.org/fast-fifo/-/fast-fifo-1.3.2.tgz",
      "integrity": "sha512-/d9sfos4yxzpwkDkuN7k2SqFKtYNmCTzgfEpz82x34IM9/zc8KGxQoXg1liNC/izpRM/MBdt44Nmx41ZWqk+FQ==",
      "dev": true,
      "license": "MIT"
    },
    "node_modules/ninja-runtime": {
      "version": "1.13.2",
      "resolved": "https://registry.npmjs.org/ninja-runtime/-/ninja-runtime-1.13.2.tgz",
      "integrity": "sha512-HLUFoYSUPeKppVr2Ao7eZnTIwg+4U72cHUsBfSCTRddlTc9AgrcmjMYe9pOnQgNwuSuKdqDdXkE70GioBR2HkA==",
      "dev": true,
      "license": "Apache-2.0",
      "workspaces": [
        "npm/*"
      ],
      "dependencies": {
        "bare-fs": "^4.4.4",
        "bare-os": "^3.0.1",
        "bare-path": "^3.0.0",
        "bare-subprocess": "^5.0.0"
      },
      "bin": {
        "ninja": "bin/ninja"
      },
      "optionalDependencies": {
        "ninja-runtime-darwin-arm64": "1.13.2",
        "ninja-runtime-darwin-x64": "1.13.2",
        "ninja-runtime-linux-arm64": "1.13.2",
        "ninja-runtime-linux-x64": "1.13.2",
        "ninja-runtime-win32-arm64": "1.13.2",
        "ninja-runtime-win32-x64": "1.13.2"
      }
    },
    "node_modules/ninja-runtime-darwin-arm64": {
      "version": "1.13.2",
      "resolved": "https://registry.npmjs.org/ninja-runtime-darwin-arm64/-/ninja-runtime-darwin-arm64-1.13.2.tgz",
      "integrity": "sha512-oBtZXETijX09q6EtAgRrgiAPjPCuMpsBBwuSrq36WSrejixnOHznYrNEkZWUvdsKxmsAiRAXBB+ufJ+veKpQqA==",
      "cpu": [
        "arm64"
      ],
      "dev": true,
      "license": "Apache-2.0",
      "optional": true,
      "os": [
        "darwin"
      ],
      "dependencies": {
        "require-asset": "^1.0.2"
      },
      "bin": {
        "ninja": "bin/ninja"
      }
    },
    "node_modules/ninja-runtime-darwin-x64": {
      "version": "1.13.2",
      "resolved": "https://registry.npmjs.org/ninja-runtime-darwin-x64/-/ninja-runtime-darwin-x64-1.13.2.tgz",
      "integrity": "sha512-LAXEEIVYNnWph3Vt6NZah9L2HlwNUvBJHshmQz+aq3fDm4zzB7XsMLheKmdBvKBVWFCZyhXWdT5MKcbEtsbGMQ==",
      "cpu": [
        "x64"
      ],
      "dev": true,
      "license": "Apache-2.0",
      "optional": true,
      "os": [
        "darwin"
      ],
      "dependencies": {
        "require-asset": "^1.0.2"
      },
      "bin": {
        "ninja": "bin/ninja"
      }
    },
    "node_modules/ninja-runtime-linux-arm64": {
      "version": "1.13.2",
      "resolved": "https://registry.npmjs.org/ninja-runtime-linux-arm64/-/ninja-runtime-linux-arm64-1.13.2.tgz",
      "integrity": "sha512-lcyUu9/dltnqsSQnSt5bkEz85HZ8O3g9S/B9ovVuPk2OyuteBq1FVdj8rF14sCvjEC9+pkELYNEes+mYx35kww==",
      "cpu": [
        "arm64"
      ],
      "dev": true,
      "license": "Apache-2.0",
      "optional": true,
      "os": [
        "linux"
      ],
      "dependencies": {
        "require-asset": "^1.0.2"
      },
      "bin": {
        "ninja": "bin/ninja"
      }
    },
    "node_modules/ninja-runtime-linux-x64": {
      "version": "1.13.2",
      "resolved": "https://registry.npmjs.org/ninja-runtime-linux-x64/-/ninja-runtime-linux-x64-1.13.2.tgz",
      "integrity": "sha512-bePoCSInA3QyvuJ/4/H6F9aLpThfve8D5vzt1G4HFPBIWE5l3umzazZUliWxWy2Z/pnTDBsQpvBUBOSB4P8f5A==",
      "cpu": [
        "x64"
      ],
      "dev": true,
      "license": "Apache-2.0",
      "optional": true,
      "os": [
        "linux"
      ],
      "dependencies": {
        "require-asset": "^1.0.2"
      },
      "bin": {
        "ninja": "bin/ninja"
      }
    },
    "node_modules/ninja-runtime-win32-arm64": {
      "version": "1.13.2",
      "resolved": "https://registry.npmjs.org/ninja-runtime-win32-arm64/-/ninja-runtime-win32-arm64-1.13.2.tgz",
      "integrity": "sha512-YG+pUNPjXKgaeWBcjKzY0/4f2NTX2ORjLB2+bKB5XdDEtWxFUsIKlFVmKloSE75jVj1QG1zqYB6KnYNKTduQfw==",
      "cpu": [
        "arm64"
      ],
      "dev": true,
      "license": "Apache-2.0",
      "optional": true,
      "os": [
        "win32"
      ],
      "dependencies": {
        "require-asset": "^1.0.2"
      },
      "bin": {
        "ninja": "bin/ninja.exe"
      }
    },
    "node_modules/ninja-runtime-win32-x64": {
      "version": "1.13.2",
      "resolved": "https://registry.npmjs.org/ninja-runtime-win32-x64/-/ninja-runtime-win32-x64-1.13.2.tgz",
      "integrity": "sha512-e+HNsEW9I2PS7hqYfNO3P0YDDGWa90oZxQ67WOR5RXKPFUFHktS9kzs4aHd2w3zJRYPsM+vQsWCHg2CKpyzJYA==",
      "cpu": [
        "x64"
      ],
      "dev": true,
      "license": "Apache-2.0",
      "optional": true,
      "os": [
        "win32"
      ],
      "dependencies": {
        "require-asset": "^1.0.2"
      },
      "bin": {
        "ninja": "bin/ninja.exe"
      }
    },
    "node_modules/paparam": {
      "version": "1.10.1",
      "resolved": "https://registry.npmjs.org/paparam/-/paparam-1.10.1.tgz",
      "integrity": "sha512-viyQI64VIja0Za3njIzhoEP8ZVkgPowhZPuG0E96NwBfYJ6ZIyrrlhWGtFPkdN7eYLl2L8CTWL+wla0evm1KKQ==",
      "dev": true,
      "license": "Apache-2.0"
    },
    "node_modules/require-asset": {
      "version": "1.2.2",
      "resolved": "https://registry.npmjs.org/require-asset/-/require-asset-1.2.2.tgz",
      "integrity": "sha512-uc8nWKhqAxVD9Z4rST2b4yaemrC9Xb5vA1wlCz5AiCYnBYdwGRWNqFjneA5zRILzlo1MNrB63ry9+pc8wNR26w==",
      "dev": true,
      "license": "Apache-2.0",
      "dependencies": {
        "bare-module-resolve": "^1.6.2"
      },
      "engines": {
        "bare": ">=1.10.0",
        "node": ">=18"
      }
    },
    "node_modules/streamx": {
      "version": "2.28.0",
      "resolved": "https://registry.npmjs.org/streamx/-/streamx-2.28.0.tgz",
      "integrity": "sha512-1Yowhzjf0ivGMrTIkY9hav5TxobO9qIVqUE41fiCGMGgc3CLlf4MY+9AHmZqBWgDTue0fY9zWjYFVyf6Diuobw==",
      "dev": true,
      "license": "MIT",
      "dependencies": {
        "events-universal": "^1.0.0",
        "fast-fifo": "^1.3.2",
        "text-decoder": "^1.1.0"
      }
    },
    "node_modules/teex": {
      "version": "1.0.1",
      "resolved": "https://registry.npmjs.org/teex/-/teex-1.0.1.tgz",
      "integrity": "sha512-eYE6iEI62Ni1H8oIa7KlDU6uQBtqr4Eajni3wX7rpfXD8ysFx8z0+dri+KWEPWpBsxXfxu58x/0jvTVT1ekOSg==",
      "dev": true,
      "license": "MIT",
      "dependencies": {
        "streamx": "^2.12.5"
      }
    },
    "node_modules/text-decoder": {
      "version": "1.2.7",
      "resolved": "https://registry.npmjs.org/text-decoder/-/text-decoder-1.2.7.tgz",
      "integrity": "sha512-vlLytXkeP4xvEq2otHeJfSQIRyWxo/oZGEbXrtEEF9Hnmrdly59sUbzZ/QgyWuLYHctCHxFF4tRQZNQ9k60ExQ==",
      "dev": true,
      "license": "Apache-2.0",
      "dependencies": {
        "b4a": "^1.6.4"
      }
    }
  }
}
